// !$*UTF8*$!
{
	archiveVersion = 1;
	classes = {
	};
	objectVersion = 55;
	objects = {

/* Begin PBXBuildFile section */
		6B281EDA2821E8DC0079DE7E /* Constants.swift in Sources */ = {isa = PBXBuildFile; fileRef = 6B281ED92821E8DC0079DE7E /* Constants.swift */; };
		6B281F0C2822B2CA0079DE7E /* Persistence.swift in Sources */ = {isa = PBXBuildFile; fileRef = 6B281F0B2822B2CA0079DE7E /* Persistence.swift */; };
		6B281F2A2822B4AC0079DE7E /* Core Data Model.xcdatamodeld in Sources */ = {isa = PBXBuildFile; fileRef = 6B281F282822B4AC0079DE7E /* Core Data Model.xcdatamodeld */; };
		6B4F07BF281D53B500E4CC31 /* GaugeProgressViewStyle in Frameworks */ = {isa = PBXBuildFile; productRef = 6B4F07BE281D53B500E4CC31 /* GaugeProgressViewStyle */; };
		6B4F07F9281F18C200E4CC31 /* InputView.swift in Sources */ = {isa = PBXBuildFile; fileRef = 6B4F07F8281F18C200E4CC31 /* InputView.swift */; };
		6B577F8C28255F8B00F513D6 /* LineChartView in Frameworks */ = {isa = PBXBuildFile; productRef = 6B577F8B28255F8B00F513D6 /* LineChartView */; };
		6B577F8F2825618B00F513D6 /* Hearts+CoreDataClass.swift in Sources */ = {isa = PBXBuildFile; fileRef = 6B577F8D2825618B00F513D6 /* Hearts+CoreDataClass.swift */; };
		6B577F902825618B00F513D6 /* Hearts+CoreDataProperties.swift in Sources */ = {isa = PBXBuildFile; fileRef = 6B577F8E2825618B00F513D6 /* Hearts+CoreDataProperties.swift */; };
		6B577F92282569C300F513D6 /* HRChartView.swift in Sources */ = {isa = PBXBuildFile; fileRef = 6B577F91282569C300F513D6 /* HRChartView.swift */; };
		6B76CCA727FEE3A100E9CD88 /* HRView.swift in Sources */ = {isa = PBXBuildFile; fileRef = 6B76CCA627FEE3A100E9CD88 /* HRView.swift */; };
		6B76CCAC2800B1E900E9CD88 /* Model.swift in Sources */ = {isa = PBXBuildFile; fileRef = 6B76CCAB2800B1E900E9CD88 /* Model.swift */; };
		6B773B7A27FE0CF40016B16B /* FIT in Frameworks */ = {isa = PBXBuildFile; productRef = 6B773B7927FE0CF40016B16B /* FIT */; };
		6B773B8227FE0D600016B16B /* ContentModel.swift in Sources */ = {isa = PBXBuildFile; fileRef = 6B773B8127FE0D600016B16B /* ContentModel.swift */; };
		6BFFFE3627FA06C80023A867 /* DOTSApp.swift in Sources */ = {isa = PBXBuildFile; fileRef = 6BFFFE3527FA06C80023A867 /* DOTSApp.swift */; };
		6BFFFE3827FA06C80023A867 /* TabsView.swift in Sources */ = {isa = PBXBuildFile; fileRef = 6BFFFE3727FA06C80023A867 /* TabsView.swift */; };
		6BFFFE3A27FA06C90023A867 /* Assets.xcassets in Resources */ = {isa = PBXBuildFile; fileRef = 6BFFFE3927FA06C90023A867 /* Assets.xcassets */; };
		6BFFFE3D27FA06C90023A867 /* Preview Assets.xcassets in Resources */ = {isa = PBXBuildFile; fileRef = 6BFFFE3C27FA06C90023A867 /* Preview Assets.xcassets */; };
		6BFFFE4927FA07FB0023A867 /* HomeView.swift in Sources */ = {isa = PBXBuildFile; fileRef = 6BFFFE4827FA07FB0023A867 /* HomeView.swift */; };
		6BFFFE4B27FA082D0023A867 /* SettingsView.swift in Sources */ = {isa = PBXBuildFile; fileRef = 6BFFFE4A27FA082D0023A867 /* SettingsView.swift */; };
/* End PBXBuildFile section */

/* Begin PBXFileReference section */
		6B281ED92821E8DC0079DE7E /* Constants.swift */ = {isa = PBXFileReference; lastKnownFileType = sourcecode.swift; path = Constants.swift; sourceTree = "<group>"; };
		6B281F0B2822B2CA0079DE7E /* Persistence.swift */ = {isa = PBXFileReference; fileEncoding = 4; lastKnownFileType = sourcecode.swift; path = Persistence.swift; sourceTree = "<group>"; };
		6B281F292822B4AC0079DE7E /* Core Data Model.xcdatamodel */ = {isa = PBXFileReference; lastKnownFileType = wrapper.xcdatamodel; path = "Core Data Model.xcdatamodel"; sourceTree = "<group>"; };
		6B4F07BD281D53AF00E4CC31 /* GaugeProgressViewStyle-develop */ = {isa = PBXFileReference; lastKnownFileType = wrapper; name = "GaugeProgressViewStyle-develop"; path = "../../../Downloads/GaugeProgressViewStyle-develop"; sourceTree = "<group>"; };
		6B4F07F8281F18C200E4CC31 /* InputView.swift */ = {isa = PBXFileReference; lastKnownFileType = sourcecode.swift; path = InputView.swift; sourceTree = "<group>"; };
		6B577F8A28255F8600F513D6 /* LineChartView-main */ = {isa = PBXFileReference; lastKnownFileType = wrapper; name = "LineChartView-main"; path = "../../../Downloads/LineChartView-main"; sourceTree = "<group>"; };
		6B577F8D2825618B00F513D6 /* Hearts+CoreDataClass.swift */ = {isa = PBXFileReference; lastKnownFileType = sourcecode.swift; path = "Hearts+CoreDataClass.swift"; sourceTree = "<group>"; };
		6B577F8E2825618B00F513D6 /* Hearts+CoreDataProperties.swift */ = {isa = PBXFileReference; lastKnownFileType = sourcecode.swift; path = "Hearts+CoreDataProperties.swift"; sourceTree = "<group>"; };
		6B577F91282569C300F513D6 /* HRChartView.swift */ = {isa = PBXFileReference; lastKnownFileType = sourcecode.swift; path = HRChartView.swift; sourceTree = "<group>"; };
		6B76CCA627FEE3A100E9CD88 /* HRView.swift */ = {isa = PBXFileReference; lastKnownFileType = sourcecode.swift; path = HRView.swift; sourceTree = "<group>"; };
		6B76CCAB2800B1E900E9CD88 /* Model.swift */ = {isa = PBXFileReference; lastKnownFileType = sourcecode.swift; path = Model.swift; sourceTree = "<group>"; };
		6B773B7727FE0CE70016B16B /* objcpp */ = {isa = PBXFileReference; lastKnownFileType = wrapper; name = objcpp; path = ../../../../../Downloads/FitSDKRelease_21.78.00/objcpp; sourceTree = "<group>"; };
		6B773B8127FE0D600016B16B /* ContentModel.swift */ = {isa = PBXFileReference; lastKnownFileType = sourcecode.swift; path = ContentModel.swift; sourceTree = "<group>"; };
		6BFFFE3227FA06C80023A867 /* DOTS.app */ = {isa = PBXFileReference; explicitFileType = wrapper.application; includeInIndex = 0; path = DOTS.app; sourceTree = BUILT_PRODUCTS_DIR; };
		6BFFFE3527FA06C80023A867 /* DOTSApp.swift */ = {isa = PBXFileReference; lastKnownFileType = sourcecode.swift; path = DOTSApp.swift; sourceTree = "<group>"; };
		6BFFFE3727FA06C80023A867 /* TabsView.swift */ = {isa = PBXFileReference; lastKnownFileType = sourcecode.swift; path = TabsView.swift; sourceTree = "<group>"; };
		6BFFFE3927FA06C90023A867 /* Assets.xcassets */ = {isa = PBXFileReference; lastKnownFileType = folder.assetcatalog; path = Assets.xcassets; sourceTree = "<group>"; };
		6BFFFE3C27FA06C90023A867 /* Preview Assets.xcassets */ = {isa = PBXFileReference; lastKnownFileType = folder.assetcatalog; path = "Preview Assets.xcassets"; sourceTree = "<group>"; };
		6BFFFE4827FA07FB0023A867 /* HomeView.swift */ = {isa = PBXFileReference; lastKnownFileType = sourcecode.swift; path = HomeView.swift; sourceTree = "<group>"; };
		6BFFFE4A27FA082D0023A867 /* SettingsView.swift */ = {isa = PBXFileReference; lastKnownFileType = sourcecode.swift; path = SettingsView.swift; sourceTree = "<group>"; };
/* End PBXFileReference section */

/* Begin PBXFrameworksBuildPhase section */
		6BFFFE2F27FA06C80023A867 /* Frameworks */ = {
			isa = PBXFrameworksBuildPhase;
			buildActionMask = 2147483647;
			files = (
				6B4F07BF281D53B500E4CC31 /* GaugeProgressViewStyle in Frameworks */,
				6B773B7A27FE0CF40016B16B /* FIT in Frameworks */,
				6B577F8C28255F8B00F513D6 /* LineChartView in Frameworks */,
			);
			runOnlyForDeploymentPostprocessing = 0;
		};
/* End PBXFrameworksBuildPhase section */

/* Begin PBXGroup section */
		6B281ED82821E8BD0079DE7E /* Utilities */ = {
			isa = PBXGroup;
			children = (
				6B281ED92821E8DC0079DE7E /* Constants.swift */,
			);
			path = Utilities;
			sourceTree = "<group>";
		};
		6B773B7827FE0CF40016B16B /* Frameworks */ = {
			isa = PBXGroup;
			children = (
				6B577F8A28255F8600F513D6 /* LineChartView-main */,
				6B4F07BD281D53AF00E4CC31 /* GaugeProgressViewStyle-develop */,
			);
			name = Frameworks;
			sourceTree = "<group>";
		};
		6B773B8027FE0D410016B16B /* ViewModels */ = {
			isa = PBXGroup;
			children = (
				6B773B8127FE0D600016B16B /* ContentModel.swift */,
				6BFFFE4627FA07570023A867 /* Models */,
			);
			path = ViewModels;
			sourceTree = "<group>";
		};
		6BFFFE2927FA06C80023A867 = {
			isa = PBXGroup;
			children = (
				6BFFFE3427FA06C80023A867 /* DOTS */,
				6BFFFE3327FA06C80023A867 /* Products */,
				6B773B7827FE0CF40016B16B /* Frameworks */,
			);
			sourceTree = "<group>";
		};
		6BFFFE3327FA06C80023A867 /* Products */ = {
			isa = PBXGroup;
			children = (
				6BFFFE3227FA06C80023A867 /* DOTS.app */,
			);
			name = Products;
			sourceTree = "<group>";
		};
		6BFFFE3427FA06C80023A867 /* DOTS */ = {
			isa = PBXGroup;
			children = (
				6BFFFE3527FA06C80023A867 /* DOTSApp.swift */,
				6BFFFE4427FA07420023A867 /* Views */,
				6B773B8027FE0D410016B16B /* ViewModels */,
				6BFFFE4727FA07660023A867 /* Data */,
				6B281ED82821E8BD0079DE7E /* Utilities */,
				6BFFFE3927FA06C90023A867 /* Assets.xcassets */,
				6BFFFE3B27FA06C90023A867 /* Preview Content */,
			);
			path = DOTS;
			sourceTree = "<group>";
		};
		6BFFFE3B27FA06C90023A867 /* Preview Content */ = {
			isa = PBXGroup;
			children = (
				6B773B7727FE0CE70016B16B /* objcpp */,
				6BFFFE3C27FA06C90023A867 /* Preview Assets.xcassets */,
			);
			path = "Preview Content";
			sourceTree = "<group>";
		};
		6BFFFE4427FA07420023A867 /* Views */ = {
			isa = PBXGroup;
			children = (
				6BFFFE3727FA06C80023A867 /* TabsView.swift */,
				6BFFFE4827FA07FB0023A867 /* HomeView.swift */,
				6BFFFE4A27FA082D0023A867 /* SettingsView.swift */,
				6B76CCA627FEE3A100E9CD88 /* HRView.swift */,
				6B4F07F8281F18C200E4CC31 /* InputView.swift */,
				6B577F91282569C300F513D6 /* HRChartView.swift */,
			);
			path = Views;
			sourceTree = "<group>";
		};
		6BFFFE4627FA07570023A867 /* Models */ = {
			isa = PBXGroup;
			children = (
				6B76CCAB2800B1E900E9CD88 /* Model.swift */,
			);
			path = Models;
			sourceTree = "<group>";
		};
		6BFFFE4727FA07660023A867 /* Data */ = {
			isa = PBXGroup;
			children = (
				6B281F0B2822B2CA0079DE7E /* Persistence.swift */,
				6B281F282822B4AC0079DE7E /* Core Data Model.xcdatamodeld */,
				6B577F8D2825618B00F513D6 /* Hearts+CoreDataClass.swift */,
				6B577F8E2825618B00F513D6 /* Hearts+CoreDataProperties.swift */,
			);
			path = Data;
			sourceTree = "<group>";
		};
/* End PBXGroup section */

/* Begin PBXNativeTarget section */
		6BFFFE3127FA06C80023A867 /* DOTS */ = {
			isa = PBXNativeTarget;
			buildConfigurationList = 6BFFFE4027FA06C90023A867 /* Build configuration list for PBXNativeTarget "DOTS" */;
			buildPhases = (
				6BFFFE2E27FA06C80023A867 /* Sources */,
				6BFFFE2F27FA06C80023A867 /* Frameworks */,
				6BFFFE3027FA06C80023A867 /* Resources */,
			);
			buildRules = (
			);
			dependencies = (
			);
			name = DOTS;
			packageProductDependencies = (
				6B773B7927FE0CF40016B16B /* FIT */,
				6B4F07BE281D53B500E4CC31 /* GaugeProgressViewStyle */,
				6B577F8B28255F8B00F513D6 /* LineChartView */,
			);
			productName = DOTS;
			productReference = 6BFFFE3227FA06C80023A867 /* DOTS.app */;
			productType = "com.apple.product-type.application";
		};
/* End PBXNativeTarget section */

/* Begin PBXProject section */
		6BFFFE2A27FA06C80023A867 /* Project object */ = {
			isa = PBXProject;
			attributes = {
				BuildIndependentTargetsInParallel = 1;
				LastSwiftUpdateCheck = 1330;
				LastUpgradeCheck = 1330;
				TargetAttributes = {
					6BFFFE3127FA06C80023A867 = {
						CreatedOnToolsVersion = 13.3;
					};
				};
			};
			buildConfigurationList = 6BFFFE2D27FA06C80023A867 /* Build configuration list for PBXProject "DOTS" */;
			compatibilityVersion = "Xcode 13.0";
			developmentRegion = en;
			hasScannedForEncodings = 0;
			knownRegions = (
				en,
				Base,
			);
			mainGroup = 6BFFFE2927FA06C80023A867;
			packageReferences = (
				6B76CCA827FEEF0500E9CD88 /* XCRemoteSwiftPackageReference "ChartView" */,
			);
			productRefGroup = 6BFFFE3327FA06C80023A867 /* Products */;
			projectDirPath = "";
			projectRoot = "";
			targets = (
				6BFFFE3127FA06C80023A867 /* DOTS */,
			);
		};
/* End PBXProject section */

/* Begin PBXResourcesBuildPhase section */
		6BFFFE3027FA06C80023A867 /* Resources */ = {
			isa = PBXResourcesBuildPhase;
			buildActionMask = 2147483647;
			files = (
				6BFFFE3D27FA06C90023A867 /* Preview Assets.xcassets in Resources */,
				6BFFFE3A27FA06C90023A867 /* Assets.xcassets in Resources */,
			);
			runOnlyForDeploymentPostprocessing = 0;
		};
/* End PBXResourcesBuildPhase section */

/* Begin PBXSourcesBuildPhase section */
		6BFFFE2E27FA06C80023A867 /* Sources */ = {
			isa = PBXSourcesBuildPhase;
			buildActionMask = 2147483647;
			files = (
				6B577F8F2825618B00F513D6 /* Hearts+CoreDataClass.swift in Sources */,
				6B281F0C2822B2CA0079DE7E /* Persistence.swift in Sources */,
				6B281EDA2821E8DC0079DE7E /* Constants.swift in Sources */,
				6B577F92282569C300F513D6 /* HRChartView.swift in Sources */,
				6BFFFE4927FA07FB0023A867 /* HomeView.swift in Sources */,
				6BFFFE4B27FA082D0023A867 /* SettingsView.swift in Sources */,
				6B76CCA727FEE3A100E9CD88 /* HRView.swift in Sources */,
				6BFFFE3827FA06C80023A867 /* TabsView.swift in Sources */,
				6B577F902825618B00F513D6 /* Hearts+CoreDataProperties.swift in Sources */,
				6BFFFE3627FA06C80023A867 /* DOTSApp.swift in Sources */,
				6B773B8227FE0D600016B16B /* ContentModel.swift in Sources */,
				6B281F2A2822B4AC0079DE7E /* Core Data Model.xcdatamodeld in Sources */,
				6B4F07F9281F18C200E4CC31 /* InputView.swift in Sources */,
				6B76CCAC2800B1E900E9CD88 /* Model.swift in Sources */,
			);
			runOnlyForDeploymentPostprocessing = 0;
		};
/* End PBXSourcesBuildPhase section */

/* Begin XCBuildConfiguration section */
		6BFFFE3E27FA06C90023A867 /* Debug */ = {
			isa = XCBuildConfiguration;
			buildSettings = {
				ALWAYS_SEARCH_USER_PATHS = NO;
				CLANG_ANALYZER_NONNULL = YES;
				CLANG_ANALYZER_NUMBER_OBJECT_CONVERSION = YES_AGGRESSIVE;
				CLANG_CXX_LANGUAGE_STANDARD = "gnu++17";
				CLANG_ENABLE_MODULES = YES;
				CLANG_ENABLE_OBJC_ARC = YES;
				CLANG_ENABLE_OBJC_WEAK = YES;
				CLANG_WARN_BLOCK_CAPTURE_AUTORELEASING = YES;
				CLANG_WARN_BOOL_CONVERSION = YES;
				CLANG_WARN_COMMA = YES;
				CLANG_WARN_CONSTANT_CONVERSION = YES;
				CLANG_WARN_DEPRECATED_OBJC_IMPLEMENTATIONS = YES;
				CLANG_WARN_DIRECT_OBJC_ISA_USAGE = YES_ERROR;
				CLANG_WARN_DOCUMENTATION_COMMENTS = YES;
				CLANG_WARN_EMPTY_BODY = YES;
				CLANG_WARN_ENUM_CONVERSION = YES;
				CLANG_WARN_INFINITE_RECURSION = YES;
				CLANG_WARN_INT_CONVERSION = YES;
				CLANG_WARN_NON_LITERAL_NULL_CONVERSION = YES;
				CLANG_WARN_OBJC_IMPLICIT_RETAIN_SELF = YES;
				CLANG_WARN_OBJC_LITERAL_CONVERSION = YES;
				CLANG_WARN_OBJC_ROOT_CLASS = YES_ERROR;
				CLANG_WARN_QUOTED_INCLUDE_IN_FRAMEWORK_HEADER = YES;
				CLANG_WARN_RANGE_LOOP_ANALYSIS = YES;
				CLANG_WARN_STRICT_PROTOTYPES = YES;
				CLANG_WARN_SUSPICIOUS_MOVE = YES;
				CLANG_WARN_UNGUARDED_AVAILABILITY = YES_AGGRESSIVE;
				CLANG_WARN_UNREACHABLE_CODE = YES;
				CLANG_WARN__DUPLICATE_METHOD_MATCH = YES;
				COPY_PHASE_STRIP = NO;
				DEBUG_INFORMATION_FORMAT = dwarf;
				ENABLE_STRICT_OBJC_MSGSEND = YES;
				ENABLE_TESTABILITY = YES;
				GCC_C_LANGUAGE_STANDARD = gnu11;
				GCC_DYNAMIC_NO_PIC = NO;
				GCC_NO_COMMON_BLOCKS = YES;
				GCC_OPTIMIZATION_LEVEL = 0;
				GCC_PREPROCESSOR_DEFINITIONS = (
					"DEBUG=1",
					"$(inherited)",
				);
				GCC_WARN_64_TO_32_BIT_CONVERSION = YES;
				GCC_WARN_ABOUT_RETURN_TYPE = YES_ERROR;
				GCC_WARN_UNDECLARED_SELECTOR = YES;
				GCC_WARN_UNINITIALIZED_AUTOS = YES_AGGRESSIVE;
				GCC_WARN_UNUSED_FUNCTION = YES;
				GCC_WARN_UNUSED_VARIABLE = YES;
				IPHONEOS_DEPLOYMENT_TARGET = 15.4;
				MTL_ENABLE_DEBUG_INFO = INCLUDE_SOURCE;
				MTL_FAST_MATH = YES;
				ONLY_ACTIVE_ARCH = YES;
				SDKROOT = iphoneos;
				SWIFT_ACTIVE_COMPILATION_CONDITIONS = DEBUG;
				SWIFT_OPTIMIZATION_LEVEL = "-Onone";
			};
			name = Debug;
		};
		6BFFFE3F27FA06C90023A867 /* Release */ = {
			isa = XCBuildConfiguration;
			buildSettings = {
				ALWAYS_SEARCH_USER_PATHS = NO;
				CLANG_ANALYZER_NONNULL = YES;
				CLANG_ANALYZER_NUMBER_OBJECT_CONVERSION = YES_AGGRESSIVE;
				CLANG_CXX_LANGUAGE_STANDARD = "gnu++17";
				CLANG_ENABLE_MODULES = YES;
				CLANG_ENABLE_OBJC_ARC = YES;
				CLANG_ENABLE_OBJC_WEAK = YES;
				CLANG_WARN_BLOCK_CAPTURE_AUTORELEASING = YES;
				CLANG_WARN_BOOL_CONVERSION = YES;
				CLANG_WARN_COMMA = YES;
				CLANG_WARN_CONSTANT_CONVERSION = YES;
				CLANG_WARN_DEPRECATED_OBJC_IMPLEMENTATIONS = YES;
				CLANG_WARN_DIRECT_OBJC_ISA_USAGE = YES_ERROR;
				CLANG_WARN_DOCUMENTATION_COMMENTS = YES;
				CLANG_WARN_EMPTY_BODY = YES;
				CLANG_WARN_ENUM_CONVERSION = YES;
				CLANG_WARN_INFINITE_RECURSION = YES;
				CLANG_WARN_INT_CONVERSION = YES;
				CLANG_WARN_NON_LITERAL_NULL_CONVERSION = YES;
				CLANG_WARN_OBJC_IMPLICIT_RETAIN_SELF = YES;
				CLANG_WARN_OBJC_LITERAL_CONVERSION = YES;
				CLANG_WARN_OBJC_ROOT_CLASS = YES_ERROR;
				CLANG_WARN_QUOTED_INCLUDE_IN_FRAMEWORK_HEADER = YES;
				CLANG_WARN_RANGE_LOOP_ANALYSIS = YES;
				CLANG_WARN_STRICT_PROTOTYPES = YES;
				CLANG_WARN_SUSPICIOUS_MOVE = YES;
				CLANG_WARN_UNGUARDED_AVAILABILITY = YES_AGGRESSIVE;
				CLANG_WARN_UNREACHABLE_CODE = YES;
				CLANG_WARN__DUPLICATE_METHOD_MATCH = YES;
				COPY_PHASE_STRIP = NO;
				DEBUG_INFORMATION_FORMAT = "dwarf-with-dsym";
				ENABLE_NS_ASSERTIONS = NO;
				ENABLE_STRICT_OBJC_MSGSEND = YES;
				GCC_C_LANGUAGE_STANDARD = gnu11;
				GCC_NO_COMMON_BLOCKS = YES;
				GCC_WARN_64_TO_32_BIT_CONVERSION = YES;
				GCC_WARN_ABOUT_RETURN_TYPE = YES_ERROR;
				GCC_WARN_UNDECLARED_SELECTOR = YES;
				GCC_WARN_UNINITIALIZED_AUTOS = YES_AGGRESSIVE;
				GCC_WARN_UNUSED_FUNCTION = YES;
				GCC_WARN_UNUSED_VARIABLE = YES;
				IPHONEOS_DEPLOYMENT_TARGET = 15.4;
				MTL_ENABLE_DEBUG_INFO = NO;
				MTL_FAST_MATH = YES;
				SDKROOT = iphoneos;
				SWIFT_COMPILATION_MODE = wholemodule;
				SWIFT_OPTIMIZATION_LEVEL = "-O";
				VALIDATE_PRODUCT = YES;
			};
			name = Release;
		};
		6BFFFE4127FA06C90023A867 /* Debug */ = {
			isa = XCBuildConfiguration;
			buildSettings = {
				ASSETCATALOG_COMPILER_APPICON_NAME = AppIcon;
				ASSETCATALOG_COMPILER_GLOBAL_ACCENT_COLOR_NAME = AccentColor;
				CODE_SIGN_STYLE = Automatic;
				CURRENT_PROJECT_VERSION = 1;
				DEVELOPMENT_ASSET_PATHS = "\"DOTS/Preview Content\"";
				DEVELOPMENT_TEAM = 7M33666T7S;
				ENABLE_PREVIEWS = YES;
				GENERATE_INFOPLIST_FILE = YES;
				INFOPLIST_FILE = DOTS/Info.plist;
				INFOPLIST_KEY_UIApplicationSceneManifest_Generation = YES;
				INFOPLIST_KEY_UIApplicationSupportsIndirectInputEvents = YES;
				INFOPLIST_KEY_UILaunchScreen_Generation = YES;
				INFOPLIST_KEY_UISupportedInterfaceOrientations_iPad = "UIInterfaceOrientationPortrait UIInterfaceOrientationPortraitUpsideDown UIInterfaceOrientationLandscapeLeft UIInterfaceOrientationLandscapeRight";
				INFOPLIST_KEY_UISupportedInterfaceOrientations_iPhone = "UIInterfaceOrientationPortrait UIInterfaceOrientationLandscapeLeft UIInterfaceOrientationLandscapeRight";
				LD_RUNPATH_SEARCH_PATHS = (
					"$(inherited)",
					"@executable_path/Frameworks",
				);
				MARKETING_VERSION = 1.0;
				PRODUCT_BUNDLE_IDENTIFIER = com.ClaudioCantieni.DOTS;
				PRODUCT_NAME = "$(TARGET_NAME)";
				SWIFT_EMIT_LOC_STRINGS = YES;
				SWIFT_VERSION = 5.0;
				TARGETED_DEVICE_FAMILY = "1,2";
			};
			name = Debug;
		};
		6BFFFE4227FA06C90023A867 /* Release */ = {
			isa = XCBuildConfiguration;
			buildSettings = {
				ASSETCATALOG_COMPILER_APPICON_NAME = AppIcon;
				ASSETCATALOG_COMPILER_GLOBAL_ACCENT_COLOR_NAME = AccentColor;
				CODE_SIGN_STYLE = Automatic;
				CURRENT_PROJECT_VERSION = 1;
				DEVELOPMENT_ASSET_PATHS = "\"DOTS/Preview Content\"";
				DEVELOPMENT_TEAM = 7M33666T7S;
				ENABLE_PREVIEWS = YES;
				GENERATE_INFOPLIST_FILE = YES;
				INFOPLIST_FILE = DOTS/Info.plist;
				INFOPLIST_KEY_UIApplicationSceneManifest_Generation = YES;
				INFOPLIST_KEY_UIApplicationSupportsIndirectInputEvents = YES;
				INFOPLIST_KEY_UILaunchScreen_Generation = YES;
				INFOPLIST_KEY_UISupportedInterfaceOrientations_iPad = "UIInterfaceOrientationPortrait UIInterfaceOrientationPortraitUpsideDown UIInterfaceOrientationLandscapeLeft UIInterfaceOrientationLandscapeRight";
				INFOPLIST_KEY_UISupportedInterfaceOrientations_iPhone = "UIInterfaceOrientationPortrait UIInterfaceOrientationLandscapeLeft UIInterfaceOrientationLandscapeRight";
				LD_RUNPATH_SEARCH_PATHS = (
					"$(inherited)",
					"@executable_path/Frameworks",
				);
				MARKETING_VERSION = 1.0;
				PRODUCT_BUNDLE_IDENTIFIER = com.ClaudioCantieni.DOTS;
				PRODUCT_NAME = "$(TARGET_NAME)";
				SWIFT_EMIT_LOC_STRINGS = YES;
				SWIFT_VERSION = 5.0;
				TARGETED_DEVICE_FAMILY = "1,2";
			};
			name = Release;
		};
/* End XCBuildConfiguration section */

/* Begin XCConfigurationList section */
		6BFFFE2D27FA06C80023A867 /* Build configuration list for PBXProject "DOTS" */ = {
			isa = XCConfigurationList;
			buildConfigurations = (
				6BFFFE3E27FA06C90023A867 /* Debug */,
				6BFFFE3F27FA06C90023A867 /* Release */,
			);
			defaultConfigurationIsVisible = 0;
			defaultConfigurationName = Release;
		};
		6BFFFE4027FA06C90023A867 /* Build configuration list for PBXNativeTarget "DOTS" */ = {
			isa = XCConfigurationList;
			buildConfigurations = (
				6BFFFE4127FA06C90023A867 /* Debug */,
				6BFFFE4227FA06C90023A867 /* Release */,
			);
			defaultConfigurationIsVisible = 0;
			defaultConfigurationName = Release;
		};
/* End XCConfigurationList section */

/* Begin XCRemoteSwiftPackageReference section */
		6B76CCA827FEEF0500E9CD88 /* XCRemoteSwiftPackageReference "ChartView" */ = {
			isa = XCRemoteSwiftPackageReference;
			repositoryURL = "https://github.com/AppPear/ChartView";
			requirement = {
				kind = upToNextMajorVersion;
				minimumVersion = 1.0.0;
			};
		};
/* End XCRemoteSwiftPackageReference section */

/* Begin XCSwiftPackageProductDependency section */
		6B4F07BE281D53B500E4CC31 /* GaugeProgressViewStyle */ = {
			isa = XCSwiftPackageProductDependency;
			productName = GaugeProgressViewStyle;
		};
		6B577F8B28255F8B00F513D6 /* LineChartView */ = {
			isa = XCSwiftPackageProductDependency;
			productName = LineChartView;
		};
		6B773B7927FE0CF40016B16B /* FIT */ = {
			isa = XCSwiftPackageProductDependency;
			productName = FIT;
		};
/* End XCSwiftPackageProductDependency section */

/* Begin XCVersionGroup section */
		6B281F282822B4AC0079DE7E /* Core Data Model.xcdatamodeld */ = {
			isa = XCVersionGroup;
			children = (
				6B281F292822B4AC0079DE7E /* Core Data Model.xcdatamodel */,
			);
			currentVersion = 6B281F292822B4AC0079DE7E /* Core Data Model.xcdatamodel */;
			path = "Core Data Model.xcdatamodeld";
			sourceTree = "<group>";
			versionGroupType = wrapper.xcdatamodel;
		};
/* End XCVersionGroup section */
	};
	rootObject = 6BFFFE2A27FA06C80023A867 /* Project object */;
}
