// !$*UTF8*$!
{
	archiveVersion = 1;
	classes = {
	};
	objectVersion = 55;
	objects = {

/* Begin PBXBuildFile section */
		6B0B18B72833DD7D006D203A /* GaugeProgressViewStyle in Frameworks */ = {isa = PBXBuildFile; productRef = 6B0B18B62833DD7D006D203A /* GaugeProgressViewStyle */; };
		6B229843283ABAED00F59D20 /* UserManualView.swift in Sources */ = {isa = PBXBuildFile; fileRef = 6B229842283ABAED00F59D20 /* UserManualView.swift */; };
		6B240E8A282EE14C00393EBE /* AddView.swift in Sources */ = {isa = PBXBuildFile; fileRef = 6B240E89282EE14C00393EBE /* AddView.swift */; };
		6B240E8C282EED8E00393EBE /* InputHrvView.swift in Sources */ = {isa = PBXBuildFile; fileRef = 6B240E8B282EED8E00393EBE /* InputHrvView.swift */; };
		6B281F0C2822B2CA0079DE7E /* Persistence.swift in Sources */ = {isa = PBXBuildFile; fileRef = 6B281F0B2822B2CA0079DE7E /* Persistence.swift */; };
		6B281F2A2822B4AC0079DE7E /* Core Data Model.xcdatamodeld in Sources */ = {isa = PBXBuildFile; fileRef = 6B281F282822B4AC0079DE7E /* Core Data Model.xcdatamodeld */; };
		6B33554728C68AC500933B0F /* Constants.swift in Sources */ = {isa = PBXBuildFile; fileRef = 6B33553428C68AC500933B0F /* Constants.swift */; };
		6B33554928C68AC500933B0F /* HeratRatePeripheral.swift in Sources */ = {isa = PBXBuildFile; fileRef = 6B33553628C68AC500933B0F /* HeratRatePeripheral.swift */; };
		6B33554A28C68AC500933B0F /* HeartRateCenter.swift in Sources */ = {isa = PBXBuildFile; fileRef = 6B33553728C68AC500933B0F /* HeartRateCenter.swift */; };
		6B33554C28C68AC500933B0F /* BeatsData.swift in Sources */ = {isa = PBXBuildFile; fileRef = 6B33553928C68AC500933B0F /* BeatsData.swift */; };
		6B33554D28C68AC500933B0F /* SampleInterpolator.swift in Sources */ = {isa = PBXBuildFile; fileRef = 6B33553A28C68AC500933B0F /* SampleInterpolator.swift */; };
		6B33554E28C68AC500933B0F /* LogSpectrumData.swift in Sources */ = {isa = PBXBuildFile; fileRef = 6B33553B28C68AC500933B0F /* LogSpectrumData.swift */; };
		6B33554F28C68AC500933B0F /* SpectrumData.swift in Sources */ = {isa = PBXBuildFile; fileRef = 6B33553C28C68AC500933B0F /* SpectrumData.swift */; };
		6B33555228C68AC500933B0F /* HeartRateDelegate.swift in Sources */ = {isa = PBXBuildFile; fileRef = 6B33554028C68AC500933B0F /* HeartRateDelegate.swift */; };
		6B33555428C68AC500933B0F /* BalanceIndexAnalyzer.swift in Sources */ = {isa = PBXBuildFile; fileRef = 6B33554228C68AC500933B0F /* BalanceIndexAnalyzer.swift */; };
		6B33555828C68AC500933B0F /* SpectrumAnalyzer.swift in Sources */ = {isa = PBXBuildFile; fileRef = 6B33554628C68AC500933B0F /* SpectrumAnalyzer.swift */; };
		6B3C09F928C523C0008EEA6A /* BLEModel.swift in Sources */ = {isa = PBXBuildFile; fileRef = 6B3C09F828C523C0008EEA6A /* BLEModel.swift */; };
		6B4F07F9281F18C200E4CC31 /* InputView.swift in Sources */ = {isa = PBXBuildFile; fileRef = 6B4F07F8281F18C200E4CC31 /* InputView.swift */; };
		6B577F92282569C300F513D6 /* HRChartView.swift in Sources */ = {isa = PBXBuildFile; fileRef = 6B577F91282569C300F513D6 /* HRChartView.swift */; };
		6B5CD7232839299D00A3CE7D /* NotificationManager.swift in Sources */ = {isa = PBXBuildFile; fileRef = 6B5CD7222839299D00A3CE7D /* NotificationManager.swift */; };
		6B5CD72528393AC900A3CE7D /* LaunchScreen.storyboard in Resources */ = {isa = PBXBuildFile; fileRef = 6B5CD72428393AC900A3CE7D /* LaunchScreen.storyboard */; };
		6B5CD727283954D000A3CE7D /* SettingsView.swift in Sources */ = {isa = PBXBuildFile; fileRef = 6B5CD726283954D000A3CE7D /* SettingsView.swift */; };
		6B603C97285DE67C00D7911D /* AnalyzeView.swift in Sources */ = {isa = PBXBuildFile; fileRef = 6B603C96285DE67C00D7911D /* AnalyzeView.swift */; };
		6B739C8628D6428300F48DD1 /* HomeView.swift in Sources */ = {isa = PBXBuildFile; fileRef = 6B739C8528D6428300F48DD1 /* HomeView.swift */; };
		6B739C8828D642A300F48DD1 /* MeasureView.swift in Sources */ = {isa = PBXBuildFile; fileRef = 6B739C8728D642A300F48DD1 /* MeasureView.swift */; };
		6B739C8A28D642B000F48DD1 /* HRV.swift in Sources */ = {isa = PBXBuildFile; fileRef = 6B739C8928D642B000F48DD1 /* HRV.swift */; };
		6B739C8E28D6534A00F48DD1 /* HRChartIOS16RhrView.swift in Sources */ = {isa = PBXBuildFile; fileRef = 6B739C8D28D6534A00F48DD1 /* HRChartIOS16RhrView.swift */; };
		6B739C9028DBB04200F48DD1 /* HRChartsIOS16HrvView.swift in Sources */ = {isa = PBXBuildFile; fileRef = 6B739C8F28DBB04200F48DD1 /* HRChartsIOS16HrvView.swift */; };
		6B739C9228DBB14900F48DD1 /* GaugeIOS16View.swift in Sources */ = {isa = PBXBuildFile; fileRef = 6B739C9128DBB14900F48DD1 /* GaugeIOS16View.swift */; };
		6B739C9928DD0BD900F48DD1 /* HRHomeChartView.swift in Sources */ = {isa = PBXBuildFile; fileRef = 6B739C9828DD0BD900F48DD1 /* HRHomeChartView.swift */; };
		6B739C9B28DF232D00F48DD1 /* DeleteListRhrView.swift in Sources */ = {isa = PBXBuildFile; fileRef = 6B739C9A28DF232D00F48DD1 /* DeleteListRhrView.swift */; };
		6B739C9D28DF811400F48DD1 /* DeleteListHrvView.swift in Sources */ = {isa = PBXBuildFile; fileRef = 6B739C9C28DF811400F48DD1 /* DeleteListHrvView.swift */; };
		6B739CAD28E983CE00F48DD1 /* Localizable.strings in Resources */ = {isa = PBXBuildFile; fileRef = 6B739CAF28E983CE00F48DD1 /* Localizable.strings */; };
		6B739CB228E983E800F48DD1 /* Localizable.strings in Resources */ = {isa = PBXBuildFile; fileRef = 6B739CB428E983E800F48DD1 /* Localizable.strings */; };
		6B739CC028EAD4AA00F48DD1 /* Model.swift in Sources */ = {isa = PBXBuildFile; fileRef = 6B739CBF28EAD4AA00F48DD1 /* Model.swift */; };
		6B739CC228ECAB9200F48DD1 /* AttentionPopoverView.swift in Sources */ = {isa = PBXBuildFile; fileRef = 6B739CC128ECAB9200F48DD1 /* AttentionPopoverView.swift */; };
		6B739CC428EF6F4B00F48DD1 /* BluetoothListView.swift in Sources */ = {isa = PBXBuildFile; fileRef = 6B739CC328EF6F4B00F48DD1 /* BluetoothListView.swift */; };
		6B76CCA727FEE3A100E9CD88 /* HRView.swift in Sources */ = {isa = PBXBuildFile; fileRef = 6B76CCA627FEE3A100E9CD88 /* HRView.swift */; };
		6B773B8227FE0D600016B16B /* ContentModel.swift in Sources */ = {isa = PBXBuildFile; fileRef = 6B773B8127FE0D600016B16B /* ContentModel.swift */; };
		6B83929E28437ED800826522 /* Loads+CoreDataClass.swift in Sources */ = {isa = PBXBuildFile; fileRef = 6B83929C28437ED800826522 /* Loads+CoreDataClass.swift */; };
		6B83929F28437ED800826522 /* Loads+CoreDataProperties.swift in Sources */ = {isa = PBXBuildFile; fileRef = 6B83929D28437ED800826522 /* Loads+CoreDataProperties.swift */; };
		6B8392A12843A88F00826522 /* GaugeView.swift in Sources */ = {isa = PBXBuildFile; fileRef = 6B8392A02843A88F00826522 /* GaugeView.swift */; };
		6B8392B9284B6E6700826522 /* LineChartView in Frameworks */ = {isa = PBXBuildFile; productRef = 6B8392B8284B6E6700826522 /* LineChartView */; };
		6B88526C282BF8A9006EE3A4 /* QuestionnaireView.swift in Sources */ = {isa = PBXBuildFile; fileRef = 6B88526B282BF8A9006EE3A4 /* QuestionnaireView.swift */; };
		6B885291282D6D35006EE3A4 /* Questionnaire+CoreDataClass.swift in Sources */ = {isa = PBXBuildFile; fileRef = 6B88528F282D6D35006EE3A4 /* Questionnaire+CoreDataClass.swift */; };
		6B885292282D6D35006EE3A4 /* Questionnaire+CoreDataProperties.swift in Sources */ = {isa = PBXBuildFile; fileRef = 6B885290282D6D35006EE3A4 /* Questionnaire+CoreDataProperties.swift */; };
		6B9C011628FDC531005E9557 /* WelcomeView.swift in Sources */ = {isa = PBXBuildFile; fileRef = 6B9C011528FDC531005E9557 /* WelcomeView.swift */; };
		6B9C011A29033EBF005E9557 /* MeasurePopoverView.swift in Sources */ = {isa = PBXBuildFile; fileRef = 6B9C011929033EBF005E9557 /* MeasurePopoverView.swift */; };
		6BDB4E0C288D5EA8008DF32E /* InfoView.swift in Sources */ = {isa = PBXBuildFile; fileRef = 6BDB4E0B288D5EA8008DF32E /* InfoView.swift */; };
		6BDB4E0E289445D2008DF32E /* ButtonView.swift in Sources */ = {isa = PBXBuildFile; fileRef = 6BDB4E0D289445D2008DF32E /* ButtonView.swift */; };
		6BDB4E1128A3FDF6008DF32E /* Ubuntu-Regular.ttf in Resources */ = {isa = PBXBuildFile; fileRef = 6BDB4E1028A3FDF6008DF32E /* Ubuntu-Regular.ttf */; };
		6BDB4E1528A43EDD008DF32E /* Ubuntu-Bold.ttf in Resources */ = {isa = PBXBuildFile; fileRef = 6BDB4E1428A43EDD008DF32E /* Ubuntu-Bold.ttf */; };
		6BDB4E1728A4471D008DF32E /* Ubuntu-Medium.ttf in Resources */ = {isa = PBXBuildFile; fileRef = 6BDB4E1628A4471D008DF32E /* Ubuntu-Medium.ttf */; };
		6BF4F8C928294C0A00352BF5 /* Hearts+CoreDataClass.swift in Sources */ = {isa = PBXBuildFile; fileRef = 6BF4F8C728294C0A00352BF5 /* Hearts+CoreDataClass.swift */; };
		6BF4F8CA28294C0A00352BF5 /* Hearts+CoreDataProperties.swift in Sources */ = {isa = PBXBuildFile; fileRef = 6BF4F8C828294C0A00352BF5 /* Hearts+CoreDataProperties.swift */; };
		6BFFFE3627FA06C80023A867 /* DOTSApp.swift in Sources */ = {isa = PBXBuildFile; fileRef = 6BFFFE3527FA06C80023A867 /* DOTSApp.swift */; };
		6BFFFE3827FA06C80023A867 /* TabsView.swift in Sources */ = {isa = PBXBuildFile; fileRef = 6BFFFE3727FA06C80023A867 /* TabsView.swift */; };
		6BFFFE3A27FA06C90023A867 /* Assets.xcassets in Resources */ = {isa = PBXBuildFile; fileRef = 6BFFFE3927FA06C90023A867 /* Assets.xcassets */; };
		6BFFFE3D27FA06C90023A867 /* Preview Assets.xcassets in Resources */ = {isa = PBXBuildFile; fileRef = 6BFFFE3C27FA06C90023A867 /* Preview Assets.xcassets */; };
		6BFFFE4B27FA082D0023A867 /* NotificationsView.swift in Sources */ = {isa = PBXBuildFile; fileRef = 6BFFFE4A27FA082D0023A867 /* NotificationsView.swift */; };
/* End PBXBuildFile section */

/* Begin PBXFileReference section */
		6B229842283ABAED00F59D20 /* UserManualView.swift */ = {isa = PBXFileReference; lastKnownFileType = sourcecode.swift; path = UserManualView.swift; sourceTree = "<group>"; };
		6B240E89282EE14C00393EBE /* AddView.swift */ = {isa = PBXFileReference; lastKnownFileType = sourcecode.swift; path = AddView.swift; sourceTree = "<group>"; };
		6B240E8B282EED8E00393EBE /* InputHrvView.swift */ = {isa = PBXFileReference; lastKnownFileType = sourcecode.swift; path = InputHrvView.swift; sourceTree = "<group>"; };
		6B281F0B2822B2CA0079DE7E /* Persistence.swift */ = {isa = PBXFileReference; fileEncoding = 4; lastKnownFileType = sourcecode.swift; path = Persistence.swift; sourceTree = "<group>"; };
		6B281F292822B4AC0079DE7E /* Core Data Model.xcdatamodel */ = {isa = PBXFileReference; lastKnownFileType = wrapper.xcdatamodel; path = "Core Data Model.xcdatamodel"; sourceTree = "<group>"; };
		6B33553428C68AC500933B0F /* Constants.swift */ = {isa = PBXFileReference; fileEncoding = 4; lastKnownFileType = sourcecode.swift; path = Constants.swift; sourceTree = "<group>"; };
		6B33553628C68AC500933B0F /* HeratRatePeripheral.swift */ = {isa = PBXFileReference; fileEncoding = 4; lastKnownFileType = sourcecode.swift; path = HeratRatePeripheral.swift; sourceTree = "<group>"; };
		6B33553728C68AC500933B0F /* HeartRateCenter.swift */ = {isa = PBXFileReference; fileEncoding = 4; lastKnownFileType = sourcecode.swift; path = HeartRateCenter.swift; sourceTree = "<group>"; };
		6B33553928C68AC500933B0F /* BeatsData.swift */ = {isa = PBXFileReference; fileEncoding = 4; lastKnownFileType = sourcecode.swift; path = BeatsData.swift; sourceTree = "<group>"; };
		6B33553A28C68AC500933B0F /* SampleInterpolator.swift */ = {isa = PBXFileReference; fileEncoding = 4; lastKnownFileType = sourcecode.swift; path = SampleInterpolator.swift; sourceTree = "<group>"; };
		6B33553B28C68AC500933B0F /* LogSpectrumData.swift */ = {isa = PBXFileReference; fileEncoding = 4; lastKnownFileType = sourcecode.swift; path = LogSpectrumData.swift; sourceTree = "<group>"; };
		6B33553C28C68AC500933B0F /* SpectrumData.swift */ = {isa = PBXFileReference; fileEncoding = 4; lastKnownFileType = sourcecode.swift; path = SpectrumData.swift; sourceTree = "<group>"; };
		6B33554028C68AC500933B0F /* HeartRateDelegate.swift */ = {isa = PBXFileReference; fileEncoding = 4; lastKnownFileType = sourcecode.swift; path = HeartRateDelegate.swift; sourceTree = "<group>"; };
		6B33554228C68AC500933B0F /* BalanceIndexAnalyzer.swift */ = {isa = PBXFileReference; fileEncoding = 4; lastKnownFileType = sourcecode.swift; path = BalanceIndexAnalyzer.swift; sourceTree = "<group>"; };
		6B33554628C68AC500933B0F /* SpectrumAnalyzer.swift */ = {isa = PBXFileReference; fileEncoding = 4; lastKnownFileType = sourcecode.swift; path = SpectrumAnalyzer.swift; sourceTree = "<group>"; };
		6B3C09F828C523C0008EEA6A /* BLEModel.swift */ = {isa = PBXFileReference; lastKnownFileType = sourcecode.swift; path = BLEModel.swift; sourceTree = "<group>"; };
		6B4F07BD281D53AF00E4CC31 /* GaugeProgressViewStyle-develop */ = {isa = PBXFileReference; lastKnownFileType = wrapper; name = "GaugeProgressViewStyle-develop"; path = "../../../Downloads/GaugeProgressViewStyle-develop"; sourceTree = "<group>"; };
		6B4F07F8281F18C200E4CC31 /* InputView.swift */ = {isa = PBXFileReference; lastKnownFileType = sourcecode.swift; path = InputView.swift; sourceTree = "<group>"; };
		6B577F91282569C300F513D6 /* HRChartView.swift */ = {isa = PBXFileReference; lastKnownFileType = sourcecode.swift; path = HRChartView.swift; sourceTree = "<group>"; };
		6B5CD7222839299D00A3CE7D /* NotificationManager.swift */ = {isa = PBXFileReference; lastKnownFileType = sourcecode.swift; path = NotificationManager.swift; sourceTree = "<group>"; };
		6B5CD72428393AC900A3CE7D /* LaunchScreen.storyboard */ = {isa = PBXFileReference; lastKnownFileType = file.storyboard; path = LaunchScreen.storyboard; sourceTree = "<group>"; };
		6B5CD726283954D000A3CE7D /* SettingsView.swift */ = {isa = PBXFileReference; lastKnownFileType = sourcecode.swift; path = SettingsView.swift; sourceTree = "<group>"; };
		6B603C96285DE67C00D7911D /* AnalyzeView.swift */ = {isa = PBXFileReference; lastKnownFileType = sourcecode.swift; path = AnalyzeView.swift; sourceTree = "<group>"; };
		6B739C8528D6428300F48DD1 /* HomeView.swift */ = {isa = PBXFileReference; fileEncoding = 4; lastKnownFileType = sourcecode.swift; name = HomeView.swift; path = ../../../test/test/HomeView.swift; sourceTree = "<group>"; };
		6B739C8728D642A300F48DD1 /* MeasureView.swift */ = {isa = PBXFileReference; fileEncoding = 4; lastKnownFileType = sourcecode.swift; name = MeasureView.swift; path = ../../../test/test/MeasureView.swift; sourceTree = "<group>"; };
		6B739C8928D642B000F48DD1 /* HRV.swift */ = {isa = PBXFileReference; fileEncoding = 4; lastKnownFileType = sourcecode.swift; name = HRV.swift; path = ../HRV.swift; sourceTree = "<group>"; };
		6B739C8D28D6534A00F48DD1 /* HRChartIOS16RhrView.swift */ = {isa = PBXFileReference; lastKnownFileType = sourcecode.swift; path = HRChartIOS16RhrView.swift; sourceTree = "<group>"; };
		6B739C8F28DBB04200F48DD1 /* HRChartsIOS16HrvView.swift */ = {isa = PBXFileReference; lastKnownFileType = sourcecode.swift; path = HRChartsIOS16HrvView.swift; sourceTree = "<group>"; };
		6B739C9128DBB14900F48DD1 /* GaugeIOS16View.swift */ = {isa = PBXFileReference; lastKnownFileType = sourcecode.swift; path = GaugeIOS16View.swift; sourceTree = "<group>"; };
		6B739C9828DD0BD900F48DD1 /* HRHomeChartView.swift */ = {isa = PBXFileReference; lastKnownFileType = sourcecode.swift; path = HRHomeChartView.swift; sourceTree = "<group>"; };
		6B739C9A28DF232D00F48DD1 /* DeleteListRhrView.swift */ = {isa = PBXFileReference; lastKnownFileType = sourcecode.swift; path = DeleteListRhrView.swift; sourceTree = "<group>"; };
		6B739C9C28DF811400F48DD1 /* DeleteListHrvView.swift */ = {isa = PBXFileReference; lastKnownFileType = sourcecode.swift; path = DeleteListHrvView.swift; sourceTree = "<group>"; };
		6B739CAE28E983CE00F48DD1 /* en */ = {isa = PBXFileReference; lastKnownFileType = text.plist.strings; name = en; path = en.lproj/Localizable.strings; sourceTree = "<group>"; };
		6B739CB328E983E800F48DD1 /* de */ = {isa = PBXFileReference; lastKnownFileType = text.plist.strings; name = de; path = de.lproj/Localizable.strings; sourceTree = "<group>"; };
		6B739CBF28EAD4AA00F48DD1 /* Model.swift */ = {isa = PBXFileReference; lastKnownFileType = sourcecode.swift; path = Model.swift; sourceTree = "<group>"; };
		6B739CC128ECAB9200F48DD1 /* AttentionPopoverView.swift */ = {isa = PBXFileReference; lastKnownFileType = sourcecode.swift; path = AttentionPopoverView.swift; sourceTree = "<group>"; };
		6B739CC328EF6F4B00F48DD1 /* BluetoothListView.swift */ = {isa = PBXFileReference; lastKnownFileType = sourcecode.swift; path = BluetoothListView.swift; sourceTree = "<group>"; };
		6B76CCA627FEE3A100E9CD88 /* HRView.swift */ = {isa = PBXFileReference; lastKnownFileType = sourcecode.swift; path = HRView.swift; sourceTree = "<group>"; };
		6B773B8127FE0D600016B16B /* ContentModel.swift */ = {isa = PBXFileReference; lastKnownFileType = sourcecode.swift; path = ContentModel.swift; sourceTree = "<group>"; };
		6B83929C28437ED800826522 /* Loads+CoreDataClass.swift */ = {isa = PBXFileReference; lastKnownFileType = sourcecode.swift; path = "Loads+CoreDataClass.swift"; sourceTree = "<group>"; };
		6B83929D28437ED800826522 /* Loads+CoreDataProperties.swift */ = {isa = PBXFileReference; lastKnownFileType = sourcecode.swift; path = "Loads+CoreDataProperties.swift"; sourceTree = "<group>"; };
		6B8392A02843A88F00826522 /* GaugeView.swift */ = {isa = PBXFileReference; lastKnownFileType = sourcecode.swift; path = GaugeView.swift; sourceTree = "<group>"; };
		6B88526B282BF8A9006EE3A4 /* QuestionnaireView.swift */ = {isa = PBXFileReference; lastKnownFileType = sourcecode.swift; path = QuestionnaireView.swift; sourceTree = "<group>"; };
		6B88528F282D6D35006EE3A4 /* Questionnaire+CoreDataClass.swift */ = {isa = PBXFileReference; lastKnownFileType = sourcecode.swift; path = "Questionnaire+CoreDataClass.swift"; sourceTree = "<group>"; };
		6B885290282D6D35006EE3A4 /* Questionnaire+CoreDataProperties.swift */ = {isa = PBXFileReference; lastKnownFileType = sourcecode.swift; path = "Questionnaire+CoreDataProperties.swift"; sourceTree = "<group>"; };
		6B9C011528FDC531005E9557 /* WelcomeView.swift */ = {isa = PBXFileReference; lastKnownFileType = sourcecode.swift; path = WelcomeView.swift; sourceTree = "<group>"; };
		6B9C011929033EBF005E9557 /* MeasurePopoverView.swift */ = {isa = PBXFileReference; lastKnownFileType = sourcecode.swift; path = MeasurePopoverView.swift; sourceTree = "<group>"; };
		6BDB4E0B288D5EA8008DF32E /* InfoView.swift */ = {isa = PBXFileReference; lastKnownFileType = sourcecode.swift; path = InfoView.swift; sourceTree = "<group>"; };
		6BDB4E0D289445D2008DF32E /* ButtonView.swift */ = {isa = PBXFileReference; lastKnownFileType = sourcecode.swift; path = ButtonView.swift; sourceTree = "<group>"; };
		6BDB4E1028A3FDF6008DF32E /* Ubuntu-Regular.ttf */ = {isa = PBXFileReference; lastKnownFileType = file; path = "Ubuntu-Regular.ttf"; sourceTree = "<group>"; };
		6BDB4E1428A43EDD008DF32E /* Ubuntu-Bold.ttf */ = {isa = PBXFileReference; lastKnownFileType = file; path = "Ubuntu-Bold.ttf"; sourceTree = "<group>"; };
		6BDB4E1628A4471D008DF32E /* Ubuntu-Medium.ttf */ = {isa = PBXFileReference; lastKnownFileType = file; path = "Ubuntu-Medium.ttf"; sourceTree = "<group>"; };
		6BF4F8C728294C0A00352BF5 /* Hearts+CoreDataClass.swift */ = {isa = PBXFileReference; lastKnownFileType = sourcecode.swift; path = "Hearts+CoreDataClass.swift"; sourceTree = "<group>"; };
		6BF4F8C828294C0A00352BF5 /* Hearts+CoreDataProperties.swift */ = {isa = PBXFileReference; lastKnownFileType = sourcecode.swift; path = "Hearts+CoreDataProperties.swift"; sourceTree = "<group>"; };
		6BFFFE3227FA06C80023A867 /* DOTS.app */ = {isa = PBXFileReference; explicitFileType = wrapper.application; includeInIndex = 0; path = DOTS.app; sourceTree = BUILT_PRODUCTS_DIR; };
		6BFFFE3527FA06C80023A867 /* DOTSApp.swift */ = {isa = PBXFileReference; lastKnownFileType = sourcecode.swift; path = DOTSApp.swift; sourceTree = "<group>"; };
		6BFFFE3727FA06C80023A867 /* TabsView.swift */ = {isa = PBXFileReference; lastKnownFileType = sourcecode.swift; path = TabsView.swift; sourceTree = "<group>"; };
		6BFFFE3927FA06C90023A867 /* Assets.xcassets */ = {isa = PBXFileReference; lastKnownFileType = folder.assetcatalog; path = Assets.xcassets; sourceTree = "<group>"; };
		6BFFFE3C27FA06C90023A867 /* Preview Assets.xcassets */ = {isa = PBXFileReference; lastKnownFileType = folder.assetcatalog; path = "Preview Assets.xcassets"; sourceTree = "<group>"; };
		6BFFFE4A27FA082D0023A867 /* NotificationsView.swift */ = {isa = PBXFileReference; lastKnownFileType = sourcecode.swift; path = NotificationsView.swift; sourceTree = "<group>"; };
/* End PBXFileReference section */

/* Begin PBXFrameworksBuildPhase section */
		6BFFFE2F27FA06C80023A867 /* Frameworks */ = {
			isa = PBXFrameworksBuildPhase;
			buildActionMask = 2147483647;
			files = (
				6B0B18B72833DD7D006D203A /* GaugeProgressViewStyle in Frameworks */,
				6B8392B9284B6E6700826522 /* LineChartView in Frameworks */,
			);
			runOnlyForDeploymentPostprocessing = 0;
		};
/* End PBXFrameworksBuildPhase section */

/* Begin PBXGroup section */
		6B3354AE28C6893900933B0F /* HRVMeasurement */ = {
			isa = PBXGroup;
			children = (
				6B33553328C68AC500933B0F /* heartrate-monitor */,
			);
			path = HRVMeasurement;
			sourceTree = "<group>";
		};
		6B33553328C68AC500933B0F /* heartrate-monitor */ = {
			isa = PBXGroup;
			children = (
				6B33554028C68AC500933B0F /* HeartRateDelegate.swift */,
				6B33553728C68AC500933B0F /* HeartRateCenter.swift */,
				6B33553628C68AC500933B0F /* HeratRatePeripheral.swift */,
				6B33553928C68AC500933B0F /* BeatsData.swift */,
				6B33553B28C68AC500933B0F /* LogSpectrumData.swift */,
				6B33553C28C68AC500933B0F /* SpectrumData.swift */,
				6B33553A28C68AC500933B0F /* SampleInterpolator.swift */,
				6B33554228C68AC500933B0F /* BalanceIndexAnalyzer.swift */,
				6B33554628C68AC500933B0F /* SpectrumAnalyzer.swift */,
				6B33553428C68AC500933B0F /* Constants.swift */,
			);
			name = "heartrate-monitor";
			path = "../../../../../Downloads/heartrate-monitor-master-2/heartrate-monitor";
			sourceTree = "<group>";
		};
		6B773B7827FE0CF40016B16B /* Frameworks */ = {
			isa = PBXGroup;
			children = (
				6B4F07BD281D53AF00E4CC31 /* GaugeProgressViewStyle-develop */,
			);
			name = Frameworks;
			sourceTree = "<group>";
		};
		6B773B8027FE0D410016B16B /* ViewModels */ = {
			isa = PBXGroup;
			children = (
				6B773B8127FE0D600016B16B /* ContentModel.swift */,
				6B5CD7222839299D00A3CE7D /* NotificationManager.swift */,
				6B3C09F828C523C0008EEA6A /* BLEModel.swift */,
				6B739C8928D642B000F48DD1 /* HRV.swift */,
				6BDB4E0F28A3FDB8008DF32E /* Fonts */,
			);
			path = ViewModels;
			sourceTree = "<group>";
		};
		6BCC60852833D8C700EED809 /* Packages */ = {
			isa = PBXGroup;
			children = (
			);
			name = Packages;
			sourceTree = "<group>";
		};
		6BDB4E0F28A3FDB8008DF32E /* Fonts */ = {
			isa = PBXGroup;
			children = (
				6BDB4E1028A3FDF6008DF32E /* Ubuntu-Regular.ttf */,
				6BDB4E1428A43EDD008DF32E /* Ubuntu-Bold.ttf */,
				6BDB4E1628A4471D008DF32E /* Ubuntu-Medium.ttf */,
			);
			path = Fonts;
			sourceTree = "<group>";
		};
		6BFFFE2927FA06C80023A867 = {
			isa = PBXGroup;
			children = (
				6BFFFE3427FA06C80023A867 /* DOTS */,
				6BFFFE3327FA06C80023A867 /* Products */,
				6BCC60852833D8C700EED809 /* Packages */,
				6B773B7827FE0CF40016B16B /* Frameworks */,
			);
			sourceTree = "<group>";
		};
		6BFFFE3327FA06C80023A867 /* Products */ = {
			isa = PBXGroup;
			children = (
				6BFFFE3227FA06C80023A867 /* DOTS.app */,
			);
			name = Products;
			sourceTree = "<group>";
		};
		6BFFFE3427FA06C80023A867 /* DOTS */ = {
			isa = PBXGroup;
			children = (
				6B3354AE28C6893900933B0F /* HRVMeasurement */,
				6BFFFE3527FA06C80023A867 /* DOTSApp.swift */,
				6BFFFE4427FA07420023A867 /* Views */,
				6B773B8027FE0D410016B16B /* ViewModels */,
				6BFFFE4627FA07570023A867 /* Models */,
				6BFFFE4727FA07660023A867 /* Data */,
				6BFFFE3927FA06C90023A867 /* Assets.xcassets */,
				6B5CD72428393AC900A3CE7D /* LaunchScreen.storyboard */,
				6BFFFE3B27FA06C90023A867 /* Preview Content */,
				6B739CAF28E983CE00F48DD1 /* Localizable.strings */,
				6B739CB428E983E800F48DD1 /* Localizable.strings */,
			);
			path = DOTS;
			sourceTree = "<group>";
		};
		6BFFFE3B27FA06C90023A867 /* Preview Content */ = {
			isa = PBXGroup;
			children = (
				6BFFFE3C27FA06C90023A867 /* Preview Assets.xcassets */,
			);
			path = "Preview Content";
			sourceTree = "<group>";
		};
		6BFFFE4427FA07420023A867 /* Views */ = {
			isa = PBXGroup;
			children = (
				6BFFFE3727FA06C80023A867 /* TabsView.swift */,
				6B739C8528D6428300F48DD1 /* HomeView.swift */,
				6B8392A02843A88F00826522 /* GaugeView.swift */,
				6B739C9128DBB14900F48DD1 /* GaugeIOS16View.swift */,
				6B76CCA627FEE3A100E9CD88 /* HRView.swift */,
				6B577F91282569C300F513D6 /* HRChartView.swift */,
				6B739C8D28D6534A00F48DD1 /* HRChartIOS16RhrView.swift */,
				6B739C9A28DF232D00F48DD1 /* DeleteListRhrView.swift */,
				6B739C8F28DBB04200F48DD1 /* HRChartsIOS16HrvView.swift */,
				6B739C9C28DF811400F48DD1 /* DeleteListHrvView.swift */,
				6B4F07F8281F18C200E4CC31 /* InputView.swift */,
				6B240E8B282EED8E00393EBE /* InputHrvView.swift */,
				6B739C8728D642A300F48DD1 /* MeasureView.swift */,
				6B739CC328EF6F4B00F48DD1 /* BluetoothListView.swift */,
				6B88526B282BF8A9006EE3A4 /* QuestionnaireView.swift */,
				6B5CD726283954D000A3CE7D /* SettingsView.swift */,
				6B229842283ABAED00F59D20 /* UserManualView.swift */,
				6BFFFE4A27FA082D0023A867 /* NotificationsView.swift */,
				6B240E89282EE14C00393EBE /* AddView.swift */,
				6B603C96285DE67C00D7911D /* AnalyzeView.swift */,
				6BDB4E0B288D5EA8008DF32E /* InfoView.swift */,
				6B739C9828DD0BD900F48DD1 /* HRHomeChartView.swift */,
				6BDB4E0D289445D2008DF32E /* ButtonView.swift */,
				6B739CC128ECAB9200F48DD1 /* AttentionPopoverView.swift */,
				6B9C011929033EBF005E9557 /* MeasurePopoverView.swift */,
				6B9C011528FDC531005E9557 /* WelcomeView.swift */,
			);
			path = Views;
			sourceTree = "<group>";
		};
		6BFFFE4627FA07570023A867 /* Models */ = {
			isa = PBXGroup;
			children = (
				6B739CBF28EAD4AA00F48DD1 /* Model.swift */,
			);
			path = Models;
			sourceTree = "<group>";
		};
		6BFFFE4727FA07660023A867 /* Data */ = {
			isa = PBXGroup;
			children = (
				6B281F0B2822B2CA0079DE7E /* Persistence.swift */,
				6B281F282822B4AC0079DE7E /* Core Data Model.xcdatamodeld */,
				6BF4F8C728294C0A00352BF5 /* Hearts+CoreDataClass.swift */,
				6BF4F8C828294C0A00352BF5 /* Hearts+CoreDataProperties.swift */,
				6B88528F282D6D35006EE3A4 /* Questionnaire+CoreDataClass.swift */,
				6B885290282D6D35006EE3A4 /* Questionnaire+CoreDataProperties.swift */,
				6B83929C28437ED800826522 /* Loads+CoreDataClass.swift */,
				6B83929D28437ED800826522 /* Loads+CoreDataProperties.swift */,
			);
			path = Data;
			sourceTree = "<group>";
		};
/* End PBXGroup section */

/* Begin PBXNativeTarget section */
		6BFFFE3127FA06C80023A867 /* DOTS */ = {
			isa = PBXNativeTarget;
			buildConfigurationList = 6BFFFE4027FA06C90023A867 /* Build configuration list for PBXNativeTarget "DOTS" */;
			buildPhases = (
				6BFFFE2E27FA06C80023A867 /* Sources */,
				6BFFFE2F27FA06C80023A867 /* Frameworks */,
				6BFFFE3027FA06C80023A867 /* Resources */,
			);
			buildRules = (
			);
			dependencies = (
			);
			name = DOTS;
			packageProductDependencies = (
				6B0B18B62833DD7D006D203A /* GaugeProgressViewStyle */,
				6B8392B8284B6E6700826522 /* LineChartView */,
			);
			productName = DOTS;
			productReference = 6BFFFE3227FA06C80023A867 /* DOTS.app */;
			productType = "com.apple.product-type.application";
		};
/* End PBXNativeTarget section */

/* Begin PBXProject section */
		6BFFFE2A27FA06C80023A867 /* Project object */ = {
			isa = PBXProject;
			attributes = {
				BuildIndependentTargetsInParallel = 1;
				LastSwiftUpdateCheck = 1330;
				LastUpgradeCheck = 1330;
				TargetAttributes = {
					6BFFFE3127FA06C80023A867 = {
						CreatedOnToolsVersion = 13.3;
					};
				};
			};
			buildConfigurationList = 6BFFFE2D27FA06C80023A867 /* Build configuration list for PBXProject "DOTS" */;
			compatibilityVersion = "Xcode 13.0";
			developmentRegion = en;
			hasScannedForEncodings = 0;
			knownRegions = (
				en,
				Base,
				de,
			);
			mainGroup = 6BFFFE2927FA06C80023A867;
			packageReferences = (
				6B8392B7284B6E6700826522 /* XCRemoteSwiftPackageReference "LineChartView" */,
				6B739C9328DCBEFA00F48DD1 /* XCRemoteSwiftPackageReference "ChartView" */,
			);
			productRefGroup = 6BFFFE3327FA06C80023A867 /* Products */;
			projectDirPath = "";
			projectRoot = "";
			targets = (
				6BFFFE3127FA06C80023A867 /* DOTS */,
			);
		};
/* End PBXProject section */

/* Begin PBXResourcesBuildPhase section */
		6BFFFE3027FA06C80023A867 /* Resources */ = {
			isa = PBXResourcesBuildPhase;
			buildActionMask = 2147483647;
			files = (
				6BDB4E1528A43EDD008DF32E /* Ubuntu-Bold.ttf in Resources */,
				6BDB4E1128A3FDF6008DF32E /* Ubuntu-Regular.ttf in Resources */,
				6BDB4E1728A4471D008DF32E /* Ubuntu-Medium.ttf in Resources */,
				6B739CAD28E983CE00F48DD1 /* Localizable.strings in Resources */,
				6B5CD72528393AC900A3CE7D /* LaunchScreen.storyboard in Resources */,
				6B739CB228E983E800F48DD1 /* Localizable.strings in Resources */,
				6BFFFE3D27FA06C90023A867 /* Preview Assets.xcassets in Resources */,
				6BFFFE3A27FA06C90023A867 /* Assets.xcassets in Resources */,
			);
			runOnlyForDeploymentPostprocessing = 0;
		};
/* End PBXResourcesBuildPhase section */

/* Begin PBXSourcesBuildPhase section */
		6BFFFE2E27FA06C80023A867 /* Sources */ = {
			isa = PBXSourcesBuildPhase;
			buildActionMask = 2147483647;
			files = (
				6B739C9928DD0BD900F48DD1 /* HRHomeChartView.swift in Sources */,
				6BF4F8CA28294C0A00352BF5 /* Hearts+CoreDataProperties.swift in Sources */,
				6B83929F28437ED800826522 /* Loads+CoreDataProperties.swift in Sources */,
				6B281F0C2822B2CA0079DE7E /* Persistence.swift in Sources */,
				6B739C8E28D6534A00F48DD1 /* HRChartIOS16RhrView.swift in Sources */,
				6B88526C282BF8A9006EE3A4 /* QuestionnaireView.swift in Sources */,
				6B739C9D28DF811400F48DD1 /* DeleteListHrvView.swift in Sources */,
				6B739C8A28D642B000F48DD1 /* HRV.swift in Sources */,
				6B577F92282569C300F513D6 /* HRChartView.swift in Sources */,
				6B33554728C68AC500933B0F /* Constants.swift in Sources */,
				6B33555228C68AC500933B0F /* HeartRateDelegate.swift in Sources */,
				6B3C09F928C523C0008EEA6A /* BLEModel.swift in Sources */,
				6B33554928C68AC500933B0F /* HeratRatePeripheral.swift in Sources */,
				6B240E8C282EED8E00393EBE /* InputHrvView.swift in Sources */,
				6B739C9028DBB04200F48DD1 /* HRChartsIOS16HrvView.swift in Sources */,
				6BDB4E0E289445D2008DF32E /* ButtonView.swift in Sources */,
				6B33554C28C68AC500933B0F /* BeatsData.swift in Sources */,
				6B5CD727283954D000A3CE7D /* SettingsView.swift in Sources */,
				6B739C8628D6428300F48DD1 /* HomeView.swift in Sources */,
				6BF4F8C928294C0A00352BF5 /* Hearts+CoreDataClass.swift in Sources */,
				6B33555428C68AC500933B0F /* BalanceIndexAnalyzer.swift in Sources */,
				6B8392A12843A88F00826522 /* GaugeView.swift in Sources */,
				6BFFFE4B27FA082D0023A867 /* NotificationsView.swift in Sources */,
				6B33554D28C68AC500933B0F /* SampleInterpolator.swift in Sources */,
				6B76CCA727FEE3A100E9CD88 /* HRView.swift in Sources */,
				6B33554F28C68AC500933B0F /* SpectrumData.swift in Sources */,
				6B33554E28C68AC500933B0F /* LogSpectrumData.swift in Sources */,
				6B9C011628FDC531005E9557 /* WelcomeView.swift in Sources */,
				6B739C9B28DF232D00F48DD1 /* DeleteListRhrView.swift in Sources */,
				6B739CC228ECAB9200F48DD1 /* AttentionPopoverView.swift in Sources */,
				6B33554A28C68AC500933B0F /* HeartRateCenter.swift in Sources */,
				6B33555828C68AC500933B0F /* SpectrumAnalyzer.swift in Sources */,
				6B739CC428EF6F4B00F48DD1 /* BluetoothListView.swift in Sources */,
				6B9C011A29033EBF005E9557 /* MeasurePopoverView.swift in Sources */,
				6B83929E28437ED800826522 /* Loads+CoreDataClass.swift in Sources */,
				6B240E8A282EE14C00393EBE /* AddView.swift in Sources */,
				6BFFFE3827FA06C80023A867 /* TabsView.swift in Sources */,
				6B885292282D6D35006EE3A4 /* Questionnaire+CoreDataProperties.swift in Sources */,
				6B229843283ABAED00F59D20 /* UserManualView.swift in Sources */,
				6BFFFE3627FA06C80023A867 /* DOTSApp.swift in Sources */,
				6B773B8227FE0D600016B16B /* ContentModel.swift in Sources */,
				6B739CC028EAD4AA00F48DD1 /* Model.swift in Sources */,
				6B739C9228DBB14900F48DD1 /* GaugeIOS16View.swift in Sources */,
				6B603C97285DE67C00D7911D /* AnalyzeView.swift in Sources */,
				6B281F2A2822B4AC0079DE7E /* Core Data Model.xcdatamodeld in Sources */,
				6B5CD7232839299D00A3CE7D /* NotificationManager.swift in Sources */,
				6B4F07F9281F18C200E4CC31 /* InputView.swift in Sources */,
				6BDB4E0C288D5EA8008DF32E /* InfoView.swift in Sources */,
				6B739C8828D642A300F48DD1 /* MeasureView.swift in Sources */,
				6B885291282D6D35006EE3A4 /* Questionnaire+CoreDataClass.swift in Sources */,
			);
			runOnlyForDeploymentPostprocessing = 0;
		};
/* End PBXSourcesBuildPhase section */

/* Begin PBXVariantGroup section */
		6B739CAF28E983CE00F48DD1 /* Localizable.strings */ = {
			isa = PBXVariantGroup;
			children = (
				6B739CAE28E983CE00F48DD1 /* en */,
			);
			name = Localizable.strings;
			sourceTree = "<group>";
		};
		6B739CB428E983E800F48DD1 /* Localizable.strings */ = {
			isa = PBXVariantGroup;
			children = (
				6B739CB328E983E800F48DD1 /* de */,
			);
			name = Localizable.strings;
			sourceTree = "<group>";
		};
/* End PBXVariantGroup section */

/* Begin XCBuildConfiguration section */
		6BFFFE3E27FA06C90023A867 /* Debug */ = {
			isa = XCBuildConfiguration;
			buildSettings = {
				ALWAYS_SEARCH_USER_PATHS = NO;
				CLANG_ANALYZER_NONNULL = YES;
				CLANG_ANALYZER_NUMBER_OBJECT_CONVERSION = YES_AGGRESSIVE;
				CLANG_CXX_LANGUAGE_STANDARD = "gnu++17";
				CLANG_ENABLE_MODULES = YES;
				CLANG_ENABLE_OBJC_ARC = YES;
				CLANG_ENABLE_OBJC_WEAK = YES;
				CLANG_WARN_BLOCK_CAPTURE_AUTORELEASING = YES;
				CLANG_WARN_BOOL_CONVERSION = YES;
				CLANG_WARN_COMMA = YES;
				CLANG_WARN_CONSTANT_CONVERSION = YES;
				CLANG_WARN_DEPRECATED_OBJC_IMPLEMENTATIONS = YES;
				CLANG_WARN_DIRECT_OBJC_ISA_USAGE = YES_ERROR;
				CLANG_WARN_DOCUMENTATION_COMMENTS = YES;
				CLANG_WARN_EMPTY_BODY = YES;
				CLANG_WARN_ENUM_CONVERSION = YES;
				CLANG_WARN_INFINITE_RECURSION = YES;
				CLANG_WARN_INT_CONVERSION = YES;
				CLANG_WARN_NON_LITERAL_NULL_CONVERSION = YES;
				CLANG_WARN_OBJC_IMPLICIT_RETAIN_SELF = YES;
				CLANG_WARN_OBJC_LITERAL_CONVERSION = YES;
				CLANG_WARN_OBJC_ROOT_CLASS = YES_ERROR;
				CLANG_WARN_QUOTED_INCLUDE_IN_FRAMEWORK_HEADER = YES;
				CLANG_WARN_RANGE_LOOP_ANALYSIS = YES;
				CLANG_WARN_STRICT_PROTOTYPES = YES;
				CLANG_WARN_SUSPICIOUS_MOVE = YES;
				CLANG_WARN_UNGUARDED_AVAILABILITY = YES_AGGRESSIVE;
				CLANG_WARN_UNREACHABLE_CODE = YES;
				CLANG_WARN__DUPLICATE_METHOD_MATCH = YES;
				COPY_PHASE_STRIP = NO;
				DEBUG_INFORMATION_FORMAT = dwarf;
				ENABLE_STRICT_OBJC_MSGSEND = YES;
				ENABLE_TESTABILITY = YES;
				GCC_C_LANGUAGE_STANDARD = gnu11;
				GCC_DYNAMIC_NO_PIC = NO;
				GCC_NO_COMMON_BLOCKS = YES;
				GCC_OPTIMIZATION_LEVEL = 0;
				GCC_PREPROCESSOR_DEFINITIONS = (
					"DEBUG=1",
					"$(inherited)",
				);
				GCC_WARN_64_TO_32_BIT_CONVERSION = YES;
				GCC_WARN_ABOUT_RETURN_TYPE = YES_ERROR;
				GCC_WARN_UNDECLARED_SELECTOR = YES;
				GCC_WARN_UNINITIALIZED_AUTOS = YES_AGGRESSIVE;
				GCC_WARN_UNUSED_FUNCTION = YES;
				GCC_WARN_UNUSED_VARIABLE = YES;
				IPHONEOS_DEPLOYMENT_TARGET = 15.0;
				MTL_ENABLE_DEBUG_INFO = INCLUDE_SOURCE;
				MTL_FAST_MATH = YES;
				ONLY_ACTIVE_ARCH = YES;
				SDKROOT = iphoneos;
				SWIFT_ACTIVE_COMPILATION_CONDITIONS = DEBUG;
				SWIFT_OPTIMIZATION_LEVEL = "-Onone";
			};
			name = Debug;
		};
		6BFFFE3F27FA06C90023A867 /* Release */ = {
			isa = XCBuildConfiguration;
			buildSettings = {
				ALWAYS_SEARCH_USER_PATHS = NO;
				CLANG_ANALYZER_NONNULL = YES;
				CLANG_ANALYZER_NUMBER_OBJECT_CONVERSION = YES_AGGRESSIVE;
				CLANG_CXX_LANGUAGE_STANDARD = "gnu++17";
				CLANG_ENABLE_MODULES = YES;
				CLANG_ENABLE_OBJC_ARC = YES;
				CLANG_ENABLE_OBJC_WEAK = YES;
				CLANG_WARN_BLOCK_CAPTURE_AUTORELEASING = YES;
				CLANG_WARN_BOOL_CONVERSION = YES;
				CLANG_WARN_COMMA = YES;
				CLANG_WARN_CONSTANT_CONVERSION = YES;
				CLANG_WARN_DEPRECATED_OBJC_IMPLEMENTATIONS = YES;
				CLANG_WARN_DIRECT_OBJC_ISA_USAGE = YES_ERROR;
				CLANG_WARN_DOCUMENTATION_COMMENTS = YES;
				CLANG_WARN_EMPTY_BODY = YES;
				CLANG_WARN_ENUM_CONVERSION = YES;
				CLANG_WARN_INFINITE_RECURSION = YES;
				CLANG_WARN_INT_CONVERSION = YES;
				CLANG_WARN_NON_LITERAL_NULL_CONVERSION = YES;
				CLANG_WARN_OBJC_IMPLICIT_RETAIN_SELF = YES;
				CLANG_WARN_OBJC_LITERAL_CONVERSION = YES;
				CLANG_WARN_OBJC_ROOT_CLASS = YES_ERROR;
				CLANG_WARN_QUOTED_INCLUDE_IN_FRAMEWORK_HEADER = YES;
				CLANG_WARN_RANGE_LOOP_ANALYSIS = YES;
				CLANG_WARN_STRICT_PROTOTYPES = YES;
				CLANG_WARN_SUSPICIOUS_MOVE = YES;
				CLANG_WARN_UNGUARDED_AVAILABILITY = YES_AGGRESSIVE;
				CLANG_WARN_UNREACHABLE_CODE = YES;
				CLANG_WARN__DUPLICATE_METHOD_MATCH = YES;
				COPY_PHASE_STRIP = NO;
				DEBUG_INFORMATION_FORMAT = "dwarf-with-dsym";
				ENABLE_NS_ASSERTIONS = NO;
				ENABLE_STRICT_OBJC_MSGSEND = YES;
				GCC_C_LANGUAGE_STANDARD = gnu11;
				GCC_NO_COMMON_BLOCKS = YES;
				GCC_WARN_64_TO_32_BIT_CONVERSION = YES;
				GCC_WARN_ABOUT_RETURN_TYPE = YES_ERROR;
				GCC_WARN_UNDECLARED_SELECTOR = YES;
				GCC_WARN_UNINITIALIZED_AUTOS = YES_AGGRESSIVE;
				GCC_WARN_UNUSED_FUNCTION = YES;
				GCC_WARN_UNUSED_VARIABLE = YES;
				IPHONEOS_DEPLOYMENT_TARGET = 15.0;
				MTL_ENABLE_DEBUG_INFO = NO;
				MTL_FAST_MATH = YES;
				SDKROOT = iphoneos;
				SWIFT_COMPILATION_MODE = wholemodule;
				SWIFT_OPTIMIZATION_LEVEL = "-O";
				VALIDATE_PRODUCT = YES;
			};
			name = Release;
		};
		6BFFFE4127FA06C90023A867 /* Debug */ = {
			isa = XCBuildConfiguration;
			buildSettings = {
				ASSETCATALOG_COMPILER_APPICON_NAME = AppIcon;
				ASSETCATALOG_COMPILER_GLOBAL_ACCENT_COLOR_NAME = AccentColor;
				CODE_SIGN_IDENTITY = "Apple Development";
				CODE_SIGN_STYLE = Automatic;
				CURRENT_PROJECT_VERSION = 1;
				DEVELOPMENT_ASSET_PATHS = "\"DOTS/Preview Content\"";
				DEVELOPMENT_TEAM = VZQQM83H7D;
				ENABLE_PREVIEWS = YES;
				GENERATE_INFOPLIST_FILE = YES;
				INFOPLIST_FILE = DOTS/Info.plist;
				INFOPLIST_KEY_NSBluetoothAlwaysUsageDescription = "Diese App verwendet Bluethooth";
				INFOPLIST_KEY_NSBluetoothPeripheralUsageDescription = "Diese App verwendet Bluethooth";
				INFOPLIST_KEY_UIApplicationSceneManifest_Generation = YES;
				INFOPLIST_KEY_UIApplicationSupportsIndirectInputEvents = YES;
				INFOPLIST_KEY_UILaunchStoryboardName = LaunchScreen;
				INFOPLIST_KEY_UIStatusBarStyle = UIStatusBarStyleDarkContent;
				INFOPLIST_KEY_UISupportedInterfaceOrientations = UIInterfaceOrientationPortrait;
				INFOPLIST_KEY_UISupportedInterfaceOrientations_iPad = "UIInterfaceOrientationPortrait UIInterfaceOrientationPortraitUpsideDown UIInterfaceOrientationLandscapeLeft UIInterfaceOrientationLandscapeRight";
				INFOPLIST_KEY_UISupportedInterfaceOrientations_iPhone = UIInterfaceOrientationPortrait;
				IPHONEOS_DEPLOYMENT_TARGET = 15.0;
				LD_RUNPATH_SEARCH_PATHS = (
					"$(inherited)",
					"@executable_path/Frameworks",
				);
				MARKETING_VERSION = 1.5;
				PRODUCT_BUNDLE_IDENTIFIER = com.PeiderCantieni.DOTS;
				PRODUCT_NAME = "$(TARGET_NAME)";
				PROVISIONING_PROFILE_SPECIFIER = "";
				SUPPORTED_PLATFORMS = "iphoneos iphonesimulator";
				SUPPORTS_MACCATALYST = NO;
				SUPPORTS_MAC_DESIGNED_FOR_IPHONE_IPAD = NO;
				SWIFT_EMIT_LOC_STRINGS = YES;
				SWIFT_VERSION = 5.0;
				TARGETED_DEVICE_FAMILY = 1;
			};
			name = Debug;
		};
		6BFFFE4227FA06C90023A867 /* Release */ = {
			isa = XCBuildConfiguration;
			buildSettings = {
				ASSETCATALOG_COMPILER_APPICON_NAME = AppIcon;
				ASSETCATALOG_COMPILER_GLOBAL_ACCENT_COLOR_NAME = AccentColor;
				CODE_SIGN_IDENTITY = "Apple Development";
				CODE_SIGN_STYLE = Automatic;
				CURRENT_PROJECT_VERSION = 1;
				DEVELOPMENT_ASSET_PATHS = "\"DOTS/Preview Content\"";
				DEVELOPMENT_TEAM = VZQQM83H7D;
				ENABLE_PREVIEWS = YES;
				GENERATE_INFOPLIST_FILE = YES;
				INFOPLIST_FILE = DOTS/Info.plist;
				INFOPLIST_KEY_NSBluetoothAlwaysUsageDescription = "Diese App verwendet Bluethooth";
				INFOPLIST_KEY_NSBluetoothPeripheralUsageDescription = "Diese App verwendet Bluethooth";
				INFOPLIST_KEY_UIApplicationSceneManifest_Generation = YES;
				INFOPLIST_KEY_UIApplicationSupportsIndirectInputEvents = YES;
				INFOPLIST_KEY_UILaunchStoryboardName = LaunchScreen;
				INFOPLIST_KEY_UIStatusBarStyle = UIStatusBarStyleDarkContent;
				INFOPLIST_KEY_UISupportedInterfaceOrientations = UIInterfaceOrientationPortrait;
				INFOPLIST_KEY_UISupportedInterfaceOrientations_iPad = "UIInterfaceOrientationPortrait UIInterfaceOrientationPortraitUpsideDown UIInterfaceOrientationLandscapeLeft UIInterfaceOrientationLandscapeRight";
				INFOPLIST_KEY_UISupportedInterfaceOrientations_iPhone = UIInterfaceOrientationPortrait;
				IPHONEOS_DEPLOYMENT_TARGET = 15.0;
				LD_RUNPATH_SEARCH_PATHS = (
					"$(inherited)",
					"@executable_path/Frameworks",
				);
				MARKETING_VERSION = 1.5;
				PRODUCT_BUNDLE_IDENTIFIER = com.PeiderCantieni.DOTS;
				PRODUCT_NAME = "$(TARGET_NAME)";
				PROVISIONING_PROFILE_SPECIFIER = "";
				SUPPORTED_PLATFORMS = "iphoneos iphonesimulator";
				SUPPORTS_MACCATALYST = NO;
				SUPPORTS_MAC_DESIGNED_FOR_IPHONE_IPAD = NO;
				SWIFT_EMIT_LOC_STRINGS = YES;
				SWIFT_VERSION = 5.0;
				TARGETED_DEVICE_FAMILY = 1;
			};
			name = Release;
		};
/* End XCBuildConfiguration section */

/* Begin XCConfigurationList section */
		6BFFFE2D27FA06C80023A867 /* Build configuration list for PBXProject "DOTS" */ = {
			isa = XCConfigurationList;
			buildConfigurations = (
				6BFFFE3E27FA06C90023A867 /* Debug */,
				6BFFFE3F27FA06C90023A867 /* Release */,
			);
			defaultConfigurationIsVisible = 0;
			defaultConfigurationName = Release;
		};
		6BFFFE4027FA06C90023A867 /* Build configuration list for PBXNativeTarget "DOTS" */ = {
			isa = XCConfigurationList;
			buildConfigurations = (
				6BFFFE4127FA06C90023A867 /* Debug */,
				6BFFFE4227FA06C90023A867 /* Release */,
			);
			defaultConfigurationIsVisible = 0;
			defaultConfigurationName = Release;
		};
/* End XCConfigurationList section */

/* Begin XCRemoteSwiftPackageReference section */
		6B739C9328DCBEFA00F48DD1 /* XCRemoteSwiftPackageReference "ChartView" */ = {
			isa = XCRemoteSwiftPackageReference;
			repositoryURL = "https://github.com/AppPear/ChartView.git";
			requirement = {
				kind = upToNextMajorVersion;
				minimumVersion = 1.0.0;
			};
		};
		6B8392B7284B6E6700826522 /* XCRemoteSwiftPackageReference "LineChartView" */ = {
			isa = XCRemoteSwiftPackageReference;
			repositoryURL = "https://github.com/Jonathan-Gander/LineChartView.git";
			requirement = {
				kind = revision;
				revision = 33996afdc124fe41916cdc69fcbc85c16da0a45c;
			};
		};
/* End XCRemoteSwiftPackageReference section */

/* Begin XCSwiftPackageProductDependency section */
		6B0B18B62833DD7D006D203A /* GaugeProgressViewStyle */ = {
			isa = XCSwiftPackageProductDependency;
			productName = GaugeProgressViewStyle;
		};
		6B8392B8284B6E6700826522 /* LineChartView */ = {
			isa = XCSwiftPackageProductDependency;
			package = 6B8392B7284B6E6700826522 /* XCRemoteSwiftPackageReference "LineChartView" */;
			productName = LineChartView;
		};
/* End XCSwiftPackageProductDependency section */

/* Begin XCVersionGroup section */
		6B281F282822B4AC0079DE7E /* Core Data Model.xcdatamodeld */ = {
			isa = XCVersionGroup;
			children = (
				6B281F292822B4AC0079DE7E /* Core Data Model.xcdatamodel */,
			);
			currentVersion = 6B281F292822B4AC0079DE7E /* Core Data Model.xcdatamodel */;
			path = "Core Data Model.xcdatamodeld";
			sourceTree = "<group>";
			versionGroupType = wrapper.xcdatamodel;
		};
/* End XCVersionGroup section */
	};
	rootObject = 6BFFFE2A27FA06C80023A867 /* Project object */;
}
